
Microsoft Visual Studio Solution File, Format Version 12.00
# Visual Studio Version 17
VisualStudioVersion = 17.9.34723.18
MinimumVisualStudioVersion = 10.0.40219.1
Project("{FAE04EC0-301F-11D3-BF4B-00C04F79EFBC}") = "Bot.API", "Bot.API\Bot.API.csproj", "{A5FE3845-CA97-4E8C-B17C-EA706D2809E9}"
EndProject
Global
	GlobalSection(SolutionConfigurationPlatforms) = preSolution
		Debug|Any CPU = Debug|Any CPU
		Release|Any CPU = Release|Any CPU
	EndGlobalSection
	GlobalSection(ProjectConfigurationPlatforms) = postSolution
		{A5FE3845-CA97-4E8C-B17C-EA706D2809E9}.Debug|Any CPU.ActiveCfg = Debug|Any CPU
		{A5FE3845-CA97-4E8C-B17C-EA706D2809E9}.Debug|Any CPU.Build.0 = Debug|Any CPU
		{A5FE3845-CA97-4E8C-B17C-EA706D2809E9}.Release|Any CPU.ActiveCfg = Release|Any CPU
		{A5FE3845-CA97-4E8C-B17C-EA706D2809E9}.Release|Any CPU.Build.0 = Release|Any CPU
	EndGlobalSection
	GlobalSection(SolutionProperties) = preSolution
		HideSolutionNode = FALSE
	EndGlobalSection
	GlobalSection(ExtensibilityGlobals) = postSolution
		SolutionGuid = {5D4B103C-B925-402F-8286-9D0A76936129}
	EndGlobalSection
EndGlobal
